
Microsoft Visual Studio Solution File, Format Version 12.00
# Visual Studio Version 16
VisualStudioVersion = 16.0.31624.102
MinimumVisualStudioVersion = 10.0.40219.1
Project("{FAE04EC0-301F-11D3-BF4B-00C04F79EFBC}") = "vehicles", "vehicles\vehicles.csproj", "{A32286F1-7563-476C-99AC-568F4B625326}"
EndProject
Global
	GlobalSection(SolutionConfigurationPlatforms) = preSolution
		Debug|Any CPU = Debug|Any CPU
		Release|Any CPU = Release|Any CPU
	EndGlobalSection
	GlobalSection(ProjectConfigurationPlatforms) = postSolution
		{A32286F1-7563-476C-99AC-568F4B625326}.Debug|Any CPU.ActiveCfg = Debug|Any CPU
		{A32286F1-7563-476C-99AC-568F4B625326}.Debug|Any CPU.Build.0 = Debug|Any CPU
		{A32286F1-7563-476C-99AC-568F4B625326}.Release|Any CPU.ActiveCfg = Release|Any CPU
		{A32286F1-7563-476C-99AC-568F4B625326}.Release|Any CPU.Build.0 = Release|Any CPU
	EndGlobalSection
	GlobalSection(SolutionProperties) = preSolution
		HideSolutionNode = FALSE
	EndGlobalSection
	GlobalSection(ExtensibilityGlobals) = postSolution
		SolutionGuid = {637E17C9-FDF6-4BAE-895B-CE693D557739}
	EndGlobalSection
EndGlobal
